// !$*UTF8*$!
{
	archiveVersion = 1;
	classes = {
	};
	objectVersion = 55;
	objects = {

/* Begin PBXBuildFile section */
		0455C16F280DD40C0092029A /* Header.swift in Sources */ = {isa = PBXBuildFile; fileRef = 0455C16E280DD40C0092029A /* Header.swift */; };
		0455C171280DD41B0092029A /* Header.xib in Resources */ = {isa = PBXBuildFile; fileRef = 0455C170280DD41B0092029A /* Header.xib */; };
		0455C1752812AEA10092029A /* LocationViewController.swift in Sources */ = {isa = PBXBuildFile; fileRef = 0455C1732812AEA00092029A /* LocationViewController.swift */; };
		0455C1762812AEA10092029A /* LocationViewController.xib in Resources */ = {isa = PBXBuildFile; fileRef = 0455C1742812AEA10092029A /* LocationViewController.xib */; };
		0455C1792812B2190092029A /* MapKit.framework in Frameworks */ = {isa = PBXBuildFile; fileRef = 0455C1782812B2190092029A /* MapKit.framework */; };
		04BDE566280D405700E07341 /* AppDelegate.swift in Sources */ = {isa = PBXBuildFile; fileRef = 04BDE565280D405700E07341 /* AppDelegate.swift */; };
		04BDE568280D405700E07341 /* SceneDelegate.swift in Sources */ = {isa = PBXBuildFile; fileRef = 04BDE567280D405700E07341 /* SceneDelegate.swift */; };
		04BDE56A280D405700E07341 /* ViewController.swift in Sources */ = {isa = PBXBuildFile; fileRef = 04BDE569280D405700E07341 /* ViewController.swift */; };
		04BDE56D280D405700E07341 /* Main.storyboard in Resources */ = {isa = PBXBuildFile; fileRef = 04BDE56B280D405700E07341 /* Main.storyboard */; };
		04BDE56F280D405C00E07341 /* Assets.xcassets in Resources */ = {isa = PBXBuildFile; fileRef = 04BDE56E280D405C00E07341 /* Assets.xcassets */; };
		04BDE572280D405C00E07341 /* LaunchScreen.storyboard in Resources */ = {isa = PBXBuildFile; fileRef = 04BDE570280D405C00E07341 /* LaunchScreen.storyboard */; };
		04BDE57D280D47CF00E07341 /* WeatherTableViewCell.swift in Sources */ = {isa = PBXBuildFile; fileRef = 04BDE57B280D47CF00E07341 /* WeatherTableViewCell.swift */; };
		04BDE57E280D47CF00E07341 /* WeatherTableViewCell.xib in Resources */ = {isa = PBXBuildFile; fileRef = 04BDE57C280D47CF00E07341 /* WeatherTableViewCell.xib */; };
		EF90CA072815963A005096C2 /* SearchViewController.swift in Sources */ = {isa = PBXBuildFile; fileRef = EF90CA052815963A005096C2 /* SearchViewController.swift */; };
		EF90CA082815963A005096C2 /* SearchViewController.xib in Resources */ = {isa = PBXBuildFile; fileRef = EF90CA062815963A005096C2 /* SearchViewController.xib */; };
		EF90CA0B2816BB48005096C2 /* HourCollectionViewCell.swift in Sources */ = {isa = PBXBuildFile; fileRef = EF90CA092816BB48005096C2 /* HourCollectionViewCell.swift */; };
		EF90CA0C2816BB48005096C2 /* HourCollectionViewCell.xib in Resources */ = {isa = PBXBuildFile; fileRef = EF90CA0A2816BB48005096C2 /* HourCollectionViewCell.xib */; };
/* End PBXBuildFile section */

/* Begin PBXFileReference section */
		0455C16E280DD40C0092029A /* Header.swift */ = {isa = PBXFileReference; lastKnownFileType = sourcecode.swift; path = Header.swift; sourceTree = "<group>"; };
		0455C170280DD41B0092029A /* Header.xib */ = {isa = PBXFileReference; lastKnownFileType = file.xib; path = Header.xib; sourceTree = "<group>"; };
		0455C1732812AEA00092029A /* LocationViewController.swift */ = {isa = PBXFileReference; lastKnownFileType = sourcecode.swift; path = LocationViewController.swift; sourceTree = "<group>"; };
		0455C1742812AEA10092029A /* LocationViewController.xib */ = {isa = PBXFileReference; lastKnownFileType = file.xib; path = LocationViewController.xib; sourceTree = "<group>"; };
		0455C1782812B2190092029A /* MapKit.framework */ = {isa = PBXFileReference; lastKnownFileType = wrapper.framework; name = MapKit.framework; path = System/Library/Frameworks/MapKit.framework; sourceTree = SDKROOT; };
		04BDE562280D405700E07341 /* WeatherTestTask.app */ = {isa = PBXFileReference; explicitFileType = wrapper.application; includeInIndex = 0; path = WeatherTestTask.app; sourceTree = BUILT_PRODUCTS_DIR; };
		04BDE565280D405700E07341 /* AppDelegate.swift */ = {isa = PBXFileReference; lastKnownFileType = sourcecode.swift; path = AppDelegate.swift; sourceTree = "<group>"; };
		04BDE567280D405700E07341 /* SceneDelegate.swift */ = {isa = PBXFileReference; lastKnownFileType = sourcecode.swift; path = SceneDelegate.swift; sourceTree = "<group>"; };
		04BDE569280D405700E07341 /* ViewController.swift */ = {isa = PBXFileReference; lastKnownFileType = sourcecode.swift; path = ViewController.swift; sourceTree = "<group>"; };
		04BDE56C280D405700E07341 /* Base */ = {isa = PBXFileReference; lastKnownFileType = file.storyboard; name = Base; path = Base.lproj/Main.storyboard; sourceTree = "<group>"; };
		04BDE56E280D405C00E07341 /* Assets.xcassets */ = {isa = PBXFileReference; lastKnownFileType = folder.assetcatalog; path = Assets.xcassets; sourceTree = "<group>"; };
		04BDE571280D405C00E07341 /* Base */ = {isa = PBXFileReference; lastKnownFileType = file.storyboard; name = Base; path = Base.lproj/LaunchScreen.storyboard; sourceTree = "<group>"; };
		04BDE573280D405C00E07341 /* Info.plist */ = {isa = PBXFileReference; lastKnownFileType = text.plist.xml; path = Info.plist; sourceTree = "<group>"; };
		04BDE57B280D47CF00E07341 /* WeatherTableViewCell.swift */ = {isa = PBXFileReference; lastKnownFileType = sourcecode.swift; path = WeatherTableViewCell.swift; sourceTree = "<group>"; };
		04BDE57C280D47CF00E07341 /* WeatherTableViewCell.xib */ = {isa = PBXFileReference; lastKnownFileType = file.xib; path = WeatherTableViewCell.xib; sourceTree = "<group>"; };
		EF90CA052815963A005096C2 /* SearchViewController.swift */ = {isa = PBXFileReference; lastKnownFileType = sourcecode.swift; path = SearchViewController.swift; sourceTree = "<group>"; };
		EF90CA062815963A005096C2 /* SearchViewController.xib */ = {isa = PBXFileReference; lastKnownFileType = file.xib; path = SearchViewController.xib; sourceTree = "<group>"; };
		EF90CA092816BB48005096C2 /* HourCollectionViewCell.swift */ = {isa = PBXFileReference; lastKnownFileType = sourcecode.swift; path = HourCollectionViewCell.swift; sourceTree = "<group>"; };
		EF90CA0A2816BB48005096C2 /* HourCollectionViewCell.xib */ = {isa = PBXFileReference; lastKnownFileType = file.xib; path = HourCollectionViewCell.xib; sourceTree = "<group>"; };
/* End PBXFileReference section */

/* Begin PBXFrameworksBuildPhase section */
		04BDE55F280D405700E07341 /* Frameworks */ = {
			isa = PBXFrameworksBuildPhase;
			buildActionMask = 2147483647;
			files = (
				0455C1792812B2190092029A /* MapKit.framework in Frameworks */,
			);
			runOnlyForDeploymentPostprocessing = 0;
		};
/* End PBXFrameworksBuildPhase section */

/* Begin PBXGroup section */
		0455C16B280DD3600092029A /* Header */ = {
			isa = PBXGroup;
			children = (
				0455C16E280DD40C0092029A /* Header.swift */,
				0455C170280DD41B0092029A /* Header.xib */,
			);
			path = Header;
			sourceTree = "<group>";
		};
		0455C1722812AE7B0092029A /* LocationViewController */ = {
			isa = PBXGroup;
			children = (
				0455C1732812AEA00092029A /* LocationViewController.swift */,
				0455C1742812AEA10092029A /* LocationViewController.xib */,
			);
			path = LocationViewController;
			sourceTree = "<group>";
		};
		0455C1772812B2190092029A /* Frameworks */ = {
			isa = PBXGroup;
			children = (
				0455C1782812B2190092029A /* MapKit.framework */,
			);
			name = Frameworks;
			sourceTree = "<group>";
		};
		0455C17A281413DB0092029A /* SearchViewController */ = {
			isa = PBXGroup;
			children = (
				EF90CA052815963A005096C2 /* SearchViewController.swift */,
				EF90CA062815963A005096C2 /* SearchViewController.xib */,
			);
			path = SearchViewController;
			sourceTree = "<group>";
		};
		04BDE559280D405700E07341 = {
			isa = PBXGroup;
			children = (
				04BDE564280D405700E07341 /* WeatherTestTask */,
				04BDE563280D405700E07341 /* Products */,
				0455C1772812B2190092029A /* Frameworks */,
			);
			sourceTree = "<group>";
		};
		04BDE563280D405700E07341 /* Products */ = {
			isa = PBXGroup;
			children = (
				04BDE562280D405700E07341 /* WeatherTestTask.app */,
			);
			name = Products;
			sourceTree = "<group>";
		};
		04BDE564280D405700E07341 /* WeatherTestTask */ = {
			isa = PBXGroup;
			children = (
				0455C17A281413DB0092029A /* SearchViewController */,
				0455C1722812AE7B0092029A /* LocationViewController */,
				0455C16B280DD3600092029A /* Header */,
				04BDE57A280D475B00E07341 /* HourCollectionCell */,
				04BDE579280D474A00E07341 /* WeatherCell */,
				04BDE565280D405700E07341 /* AppDelegate.swift */,
				04BDE567280D405700E07341 /* SceneDelegate.swift */,
				04BDE569280D405700E07341 /* ViewController.swift */,
				04BDE56B280D405700E07341 /* Main.storyboard */,
				04BDE56E280D405C00E07341 /* Assets.xcassets */,
				04BDE570280D405C00E07341 /* LaunchScreen.storyboard */,
				04BDE573280D405C00E07341 /* Info.plist */,
			);
			path = WeatherTestTask;
			sourceTree = "<group>";
		};
		04BDE579280D474A00E07341 /* WeatherCell */ = {
			isa = PBXGroup;
			children = (
				04BDE57B280D47CF00E07341 /* WeatherTableViewCell.swift */,
				04BDE57C280D47CF00E07341 /* WeatherTableViewCell.xib */,
			);
			path = WeatherCell;
			sourceTree = "<group>";
		};
		04BDE57A280D475B00E07341 /* HourCollectionCell */ = {
			isa = PBXGroup;
			children = (
				EF90CA092816BB48005096C2 /* HourCollectionViewCell.swift */,
				EF90CA0A2816BB48005096C2 /* HourCollectionViewCell.xib */,
			);
			path = HourCollectionCell;
			sourceTree = "<group>";
		};
/* End PBXGroup section */

/* Begin PBXNativeTarget section */
		04BDE561280D405700E07341 /* WeatherTestTask */ = {
			isa = PBXNativeTarget;
			buildConfigurationList = 04BDE576280D405C00E07341 /* Build configuration list for PBXNativeTarget "WeatherTestTask" */;
			buildPhases = (
				04BDE55E280D405700E07341 /* Sources */,
				04BDE55F280D405700E07341 /* Frameworks */,
				04BDE560280D405700E07341 /* Resources */,
			);
			buildRules = (
			);
			dependencies = (
			);
			name = WeatherTestTask;
			productName = WeatherTestTask;
			productReference = 04BDE562280D405700E07341 /* WeatherTestTask.app */;
			productType = "com.apple.product-type.application";
		};
/* End PBXNativeTarget section */

/* Begin PBXProject section */
		04BDE55A280D405700E07341 /* Project object */ = {
			isa = PBXProject;
			attributes = {
				BuildIndependentTargetsInParallel = 1;
				LastSwiftUpdateCheck = 1320;
				LastUpgradeCheck = 1320;
				ORGANIZATIONNAME = STDevelopment;
				TargetAttributes = {
					04BDE561280D405700E07341 = {
						CreatedOnToolsVersion = 13.2.1;
					};
				};
			};
			buildConfigurationList = 04BDE55D280D405700E07341 /* Build configuration list for PBXProject "WeatherTestTask" */;
			compatibilityVersion = "Xcode 13.0";
			developmentRegion = en;
			hasScannedForEncodings = 0;
			knownRegions = (
				en,
				Base,
			);
			mainGroup = 04BDE559280D405700E07341;
			productRefGroup = 04BDE563280D405700E07341 /* Products */;
			projectDirPath = "";
			projectRoot = "";
			targets = (
				04BDE561280D405700E07341 /* WeatherTestTask */,
			);
		};
/* End PBXProject section */

/* Begin PBXResourcesBuildPhase section */
		04BDE560280D405700E07341 /* Resources */ = {
			isa = PBXResourcesBuildPhase;
			buildActionMask = 2147483647;
			files = (
				EF90CA0C2816BB48005096C2 /* HourCollectionViewCell.xib in Resources */,
				04BDE57E280D47CF00E07341 /* WeatherTableViewCell.xib in Resources */,
				04BDE572280D405C00E07341 /* LaunchScreen.storyboard in Resources */,
				04BDE56F280D405C00E07341 /* Assets.xcassets in Resources */,
				0455C171280DD41B0092029A /* Header.xib in Resources */,
				04BDE56D280D405700E07341 /* Main.storyboard in Resources */,
				EF90CA082815963A005096C2 /* SearchViewController.xib in Resources */,
				0455C1762812AEA10092029A /* LocationViewController.xib in Resources */,
			);
			runOnlyForDeploymentPostprocessing = 0;
		};
/* End PBXResourcesBuildPhase section */

/* Begin PBXSourcesBuildPhase section */
		04BDE55E280D405700E07341 /* Sources */ = {
			isa = PBXSourcesBuildPhase;
			buildActionMask = 2147483647;
			files = (
				0455C1752812AEA10092029A /* LocationViewController.swift in Sources */,
				EF90CA072815963A005096C2 /* SearchViewController.swift in Sources */,
				04BDE57D280D47CF00E07341 /* WeatherTableViewCell.swift in Sources */,
				04BDE56A280D405700E07341 /* ViewController.swift in Sources */,
				04BDE566280D405700E07341 /* AppDelegate.swift in Sources */,
				0455C16F280DD40C0092029A /* Header.swift in Sources */,
				EF90CA0B2816BB48005096C2 /* HourCollectionViewCell.swift in Sources */,
				04BDE568280D405700E07341 /* SceneDelegate.swift in Sources */,
			);
			runOnlyForDeploymentPostprocessing = 0;
		};
/* End PBXSourcesBuildPhase section */

/* Begin PBXVariantGroup section */
		04BDE56B280D405700E07341 /* Main.storyboard */ = {
			isa = PBXVariantGroup;
			children = (
				04BDE56C280D405700E07341 /* Base */,
			);
			name = Main.storyboard;
			sourceTree = "<group>";
		};
		04BDE570280D405C00E07341 /* LaunchScreen.storyboard */ = {
			isa = PBXVariantGroup;
			children = (
				04BDE571280D405C00E07341 /* Base */,
			);
			name = LaunchScreen.storyboard;
			sourceTree = "<group>";
		};
/* End PBXVariantGroup section */

/* Begin XCBuildConfiguration section */
		04BDE574280D405C00E07341 /* Debug */ = {
			isa = XCBuildConfiguration;
			buildSettings = {
				ALWAYS_SEARCH_USER_PATHS = NO;
				CLANG_ANALYZER_NONNULL = YES;
				CLANG_ANALYZER_NUMBER_OBJECT_CONVERSION = YES_AGGRESSIVE;
				CLANG_CXX_LANGUAGE_STANDARD = "gnu++17";
				CLANG_CXX_LIBRARY = "libc++";
				CLANG_ENABLE_MODULES = YES;
				CLANG_ENABLE_OBJC_ARC = YES;
				CLANG_ENABLE_OBJC_WEAK = YES;
				CLANG_WARN_BLOCK_CAPTURE_AUTORELEASING = YES;
				CLANG_WARN_BOOL_CONVERSION = YES;
				CLANG_WARN_COMMA = YES;
				CLANG_WARN_CONSTANT_CONVERSION = YES;
				CLANG_WARN_DEPRECATED_OBJC_IMPLEMENTATIONS = YES;
				CLANG_WARN_DIRECT_OBJC_ISA_USAGE = YES_ERROR;
				CLANG_WARN_DOCUMENTATION_COMMENTS = YES;
				CLANG_WARN_EMPTY_BODY = YES;
				CLANG_WARN_ENUM_CONVERSION = YES;
				CLANG_WARN_INFINITE_RECURSION = YES;
				CLANG_WARN_INT_CONVERSION = YES;
				CLANG_WARN_NON_LITERAL_NULL_CONVERSION = YES;
				CLANG_WARN_OBJC_IMPLICIT_RETAIN_SELF = YES;
				CLANG_WARN_OBJC_LITERAL_CONVERSION = YES;
				CLANG_WARN_OBJC_ROOT_CLASS = YES_ERROR;
				CLANG_WARN_QUOTED_INCLUDE_IN_FRAMEWORK_HEADER = YES;
				CLANG_WARN_RANGE_LOOP_ANALYSIS = YES;
				CLANG_WARN_STRICT_PROTOTYPES = YES;
				CLANG_WARN_SUSPICIOUS_MOVE = YES;
				CLANG_WARN_UNGUARDED_AVAILABILITY = YES_AGGRESSIVE;
				CLANG_WARN_UNREACHABLE_CODE = YES;
				CLANG_WARN__DUPLICATE_METHOD_MATCH = YES;
				COPY_PHASE_STRIP = NO;
				DEBUG_INFORMATION_FORMAT = dwarf;
				ENABLE_STRICT_OBJC_MSGSEND = YES;
				ENABLE_TESTABILITY = YES;
				GCC_C_LANGUAGE_STANDARD = gnu11;
				GCC_DYNAMIC_NO_PIC = NO;
				GCC_NO_COMMON_BLOCKS = YES;
				GCC_OPTIMIZATION_LEVEL = 0;
				GCC_PREPROCESSOR_DEFINITIONS = (
					"DEBUG=1",
					"$(inherited)",
				);
				GCC_WARN_64_TO_32_BIT_CONVERSION = YES;
				GCC_WARN_ABOUT_RETURN_TYPE = YES_ERROR;
				GCC_WARN_UNDECLARED_SELECTOR = YES;
				GCC_WARN_UNINITIALIZED_AUTOS = YES_AGGRESSIVE;
				GCC_WARN_UNUSED_FUNCTION = YES;
				GCC_WARN_UNUSED_VARIABLE = YES;
				IPHONEOS_DEPLOYMENT_TARGET = 15.2;
				MTL_ENABLE_DEBUG_INFO = INCLUDE_SOURCE;
				MTL_FAST_MATH = YES;
				ONLY_ACTIVE_ARCH = YES;
				SDKROOT = iphoneos;
				SWIFT_ACTIVE_COMPILATION_CONDITIONS = DEBUG;
				SWIFT_OPTIMIZATION_LEVEL = "-Onone";
			};
			name = Debug;
		};
		04BDE575280D405C00E07341 /* Release */ = {
			isa = XCBuildConfiguration;
			buildSettings = {
				ALWAYS_SEARCH_USER_PATHS = NO;
				CLANG_ANALYZER_NONNULL = YES;
				CLANG_ANALYZER_NUMBER_OBJECT_CONVERSION = YES_AGGRESSIVE;
				CLANG_CXX_LANGUAGE_STANDARD = "gnu++17";
				CLANG_CXX_LIBRARY = "libc++";
				CLANG_ENABLE_MODULES = YES;
				CLANG_ENABLE_OBJC_ARC = YES;
				CLANG_ENABLE_OBJC_WEAK = YES;
				CLANG_WARN_BLOCK_CAPTURE_AUTORELEASING = YES;
				CLANG_WARN_BOOL_CONVERSION = YES;
				CLANG_WARN_COMMA = YES;
				CLANG_WARN_CONSTANT_CONVERSION = YES;
				CLANG_WARN_DEPRECATED_OBJC_IMPLEMENTATIONS = YES;
				CLANG_WARN_DIRECT_OBJC_ISA_USAGE = YES_ERROR;
				CLANG_WARN_DOCUMENTATION_COMMENTS = YES;
				CLANG_WARN_EMPTY_BODY = YES;
				CLANG_WARN_ENUM_CONVERSION = YES;
				CLANG_WARN_INFINITE_RECURSION = YES;
				CLANG_WARN_INT_CONVERSION = YES;
				CLANG_WARN_NON_LITERAL_NULL_CONVERSION = YES;
				CLANG_WARN_OBJC_IMPLICIT_RETAIN_SELF = YES;
				CLANG_WARN_OBJC_LITERAL_CONVERSION = YES;
				CLANG_WARN_OBJC_ROOT_CLASS = YES_ERROR;
				CLANG_WARN_QUOTED_INCLUDE_IN_FRAMEWORK_HEADER = YES;
				CLANG_WARN_RANGE_LOOP_ANALYSIS = YES;
				CLANG_WARN_STRICT_PROTOTYPES = YES;
				CLANG_WARN_SUSPICIOUS_MOVE = YES;
				CLANG_WARN_UNGUARDED_AVAILABILITY = YES_AGGRESSIVE;
				CLANG_WARN_UNREACHABLE_CODE = YES;
				CLANG_WARN__DUPLICATE_METHOD_MATCH = YES;
				COPY_PHASE_STRIP = NO;
				DEBUG_INFORMATION_FORMAT = "dwarf-with-dsym";
				ENABLE_NS_ASSERTIONS = NO;
				ENABLE_STRICT_OBJC_MSGSEND = YES;
				GCC_C_LANGUAGE_STANDARD = gnu11;
				GCC_NO_COMMON_BLOCKS = YES;
				GCC_WARN_64_TO_32_BIT_CONVERSION = YES;
				GCC_WARN_ABOUT_RETURN_TYPE = YES_ERROR;
				GCC_WARN_UNDECLARED_SELECTOR = YES;
				GCC_WARN_UNINITIALIZED_AUTOS = YES_AGGRESSIVE;
				GCC_WARN_UNUSED_FUNCTION = YES;
				GCC_WARN_UNUSED_VARIABLE = YES;
				IPHONEOS_DEPLOYMENT_TARGET = 15.2;
				MTL_ENABLE_DEBUG_INFO = NO;
				MTL_FAST_MATH = YES;
				SDKROOT = iphoneos;
				SWIFT_COMPILATION_MODE = wholemodule;
				SWIFT_OPTIMIZATION_LEVEL = "-O";
				VALIDATE_PRODUCT = YES;
			};
			name = Release;
		};
		04BDE577280D405C00E07341 /* Debug */ = {
			isa = XCBuildConfiguration;
			buildSettings = {
				ASSETCATALOG_COMPILER_APPICON_NAME = AppIcon;
				ASSETCATALOG_COMPILER_GLOBAL_ACCENT_COLOR_NAME = AccentColor;
				CODE_SIGN_STYLE = Automatic;
				CURRENT_PROJECT_VERSION = 1;
				DEVELOPMENT_TEAM = 786PYG48X8;
				GENERATE_INFOPLIST_FILE = YES;
				INFOPLIST_FILE = WeatherTestTask/Info.plist;
				INFOPLIST_KEY_NSLocationWhenInUseUsageDescription = "Allow location to see local weather";
				INFOPLIST_KEY_UIApplicationSupportsIndirectInputEvents = YES;
				INFOPLIST_KEY_UILaunchStoryboardName = LaunchScreen;
				INFOPLIST_KEY_UIMainStoryboardFile = Main;
				INFOPLIST_KEY_UISupportedInterfaceOrientations_iPad = "UIInterfaceOrientationPortrait UIInterfaceOrientationPortraitUpsideDown UIInterfaceOrientationLandscapeLeft UIInterfaceOrientationLandscapeRight";
				INFOPLIST_KEY_UISupportedInterfaceOrientations_iPhone = "UIInterfaceOrientationPortrait UIInterfaceOrientationLandscapeLeft UIInterfaceOrientationLandscapeRight";
				LD_RUNPATH_SEARCH_PATHS = (
					"$(inherited)",
					"@executable_path/Frameworks",
				);
				MARKETING_VERSION = 1.0;
				PRODUCT_BUNDLE_IDENTIFIER = com.STDevelopment.WeatherTestTask;
				PRODUCT_NAME = "$(TARGET_NAME)";
				SWIFT_EMIT_LOC_STRINGS = YES;
				SWIFT_VERSION = 5.0;
				TARGETED_DEVICE_FAMILY = "1,2";
			};
			name = Debug;
		};
		04BDE578280D405C00E07341 /* Release */ = {
			isa = XCBuildConfiguration;
			buildSettings = {
				ASSETCATALOG_COMPILER_APPICON_NAME = AppIcon;
				ASSETCATALOG_COMPILER_GLOBAL_ACCENT_COLOR_NAME = AccentColor;
				CODE_SIGN_STYLE = Automatic;
				CURRENT_PROJECT_VERSION = 1;
				DEVELOPMENT_TEAM = 786PYG48X8;
				GENERATE_INFOPLIST_FILE = YES;
				INFOPLIST_FILE = WeatherTestTask/Info.plist;
				INFOPLIST_KEY_NSLocationWhenInUseUsageDescription = "Allow location to see local weather";
				INFOPLIST_KEY_UIApplicationSupportsIndirectInputEvents = YES;
				INFOPLIST_KEY_UILaunchStoryboardName = LaunchScreen;
				INFOPLIST_KEY_UIMainStoryboardFile = Main;
				INFOPLIST_KEY_UISupportedInterfaceOrientations_iPad = "UIInterfaceOrientationPortrait UIInterfaceOrientationPortraitUpsideDown UIInterfaceOrientationLandscapeLeft UIInterfaceOrientationLandscapeRight";
				INFOPLIST_KEY_UISupportedInterfaceOrientations_iPhone = "UIInterfaceOrientationPortrait UIInterfaceOrientationLandscapeLeft UIInterfaceOrientationLandscapeRight";
				LD_RUNPATH_SEARCH_PATHS = (
					"$(inherited)",
					"@executable_path/Frameworks",
				);
				MARKETING_VERSION = 1.0;
				PRODUCT_BUNDLE_IDENTIFIER = com.STDevelopment.WeatherTestTask;
				PRODUCT_NAME = "$(TARGET_NAME)";
				SWIFT_EMIT_LOC_STRINGS = YES;
				SWIFT_VERSION = 5.0;
				TARGETED_DEVICE_FAMILY = "1,2";
			};
			name = Release;
		};
/* End XCBuildConfiguration section */

/* Begin XCConfigurationList section */
		04BDE55D280D405700E07341 /* Build configuration list for PBXProject "WeatherTestTask" */ = {
			isa = XCConfigurationList;
			buildConfigurations = (
				04BDE574280D405C00E07341 /* Debug */,
				04BDE575280D405C00E07341 /* Release */,
			);
			defaultConfigurationIsVisible = 0;
			defaultConfigurationName = Release;
		};
		04BDE576280D405C00E07341 /* Build configuration list for PBXNativeTarget "WeatherTestTask" */ = {
			isa = XCConfigurationList;
			buildConfigurations = (
				04BDE577280D405C00E07341 /* Debug */,
				04BDE578280D405C00E07341 /* Release */,
			);
			defaultConfigurationIsVisible = 0;
			defaultConfigurationName = Release;
		};
/* End XCConfigurationList section */
	};
	rootObject = 04BDE55A280D405700E07341 /* Project object */;
}
